
Microsoft Visual Studio Solution File, Format Version 12.00
# Visual Studio Version 17
VisualStudioVersion = 17.5.002.0
MinimumVisualStudioVersion = 10.0.40219.1
Project("{9A19103F-16F7-4668-BE54-9A1E7A4F7556}") = "csharp-cert-course", "csharp-cert-course.csproj", "{6EBCFF52-172B-463A-ACB7-77490699E29D}"
EndProject
Global
	GlobalSection(SolutionConfigurationPlatforms) = preSolution
		Debug|Any CPU = Debug|Any CPU
		Release|Any CPU = Release|Any CPU
	EndGlobalSection
	GlobalSection(ProjectConfigurationPlatforms) = postSolution
		{6EBCFF52-172B-463A-ACB7-77490699E29D}.Debug|Any CPU.ActiveCfg = Debug|Any CPU
		{6EBCFF52-172B-463A-ACB7-77490699E29D}.Debug|Any CPU.Build.0 = Debug|Any CPU
		{6EBCFF52-172B-463A-ACB7-77490699E29D}.Release|Any CPU.ActiveCfg = Release|Any CPU
		{6EBCFF52-172B-463A-ACB7-77490699E29D}.Release|Any CPU.Build.0 = Release|Any CPU
	EndGlobalSection
	GlobalSection(SolutionProperties) = preSolution
		HideSolutionNode = FALSE
	EndGlobalSection
	GlobalSection(ExtensibilityGlobals) = postSolution
		SolutionGuid = {3C165EBF-D3B6-42BE-AEBC-A32465B389AA}
	EndGlobalSection
EndGlobal
